
Microsoft Visual Studio Solution File, Format Version 12.00
# Visual Studio Version 17
VisualStudioVersion = 17.9.34622.214
MinimumVisualStudioVersion = 10.0.40219.1
Project("{8BC9CEB8-8B4A-11D0-8D11-00A0C91BC942}") = "constructor_0087", "constructor_0087\constructor_0087.vcxproj", "{F6BF62D1-F32F-4003-8D2A-3A0E8D5A35E9}"
EndProject
Project("{8BC9CEB8-8B4A-11D0-8D11-00A0C91BC942}") = "memberStatic", "memberStatic\memberStatic.vcxproj", "{3D621503-377D-40DE-AB64-0B83A15E05F5}"
EndProject
Project("{8BC9CEB8-8B4A-11D0-8D11-00A0C91BC942}") = "MemberStaticFunction", "MemberStaticFunction\MemberStaticFunction.vcxproj", "{FA633A34-DDB4-469F-88E0-9ECE5683C386}"
EndProject
Project("{8BC9CEB8-8B4A-11D0-8D11-00A0C91BC942}") = "Constructor", "Constructor\Constructor.vcxproj", "{E3837F8B-B210-45DB-87C1-5F8C366560BF}"
EndProject
Global
	GlobalSection(SolutionConfigurationPlatforms) = preSolution
		Debug|x64 = Debug|x64
		Debug|x86 = Debug|x86
		Release|x64 = Release|x64
		Release|x86 = Release|x86
	EndGlobalSection
	GlobalSection(ProjectConfigurationPlatforms) = postSolution
		{F6BF62D1-F32F-4003-8D2A-3A0E8D5A35E9}.Debug|x64.ActiveCfg = Debug|x64
		{F6BF62D1-F32F-4003-8D2A-3A0E8D5A35E9}.Debug|x64.Build.0 = Debug|x64
		{F6BF62D1-F32F-4003-8D2A-3A0E8D5A35E9}.Debug|x86.ActiveCfg = Debug|Win32
		{F6BF62D1-F32F-4003-8D2A-3A0E8D5A35E9}.Debug|x86.Build.0 = Debug|Win32
		{F6BF62D1-F32F-4003-8D2A-3A0E8D5A35E9}.Release|x64.ActiveCfg = Release|x64
		{F6BF62D1-F32F-4003-8D2A-3A0E8D5A35E9}.Release|x64.Build.0 = Release|x64
		{F6BF62D1-F32F-4003-8D2A-3A0E8D5A35E9}.Release|x86.ActiveCfg = Release|Win32
		{F6BF62D1-F32F-4003-8D2A-3A0E8D5A35E9}.Release|x86.Build.0 = Release|Win32
		{3D621503-377D-40DE-AB64-0B83A15E05F5}.Debug|x64.ActiveCfg = Debug|x64
		{3D621503-377D-40DE-AB64-0B83A15E05F5}.Debug|x64.Build.0 = Debug|x64
		{3D621503-377D-40DE-AB64-0B83A15E05F5}.Debug|x86.ActiveCfg = Debug|Win32
		{3D621503-377D-40DE-AB64-0B83A15E05F5}.Debug|x86.Build.0 = Debug|Win32
		{3D621503-377D-40DE-AB64-0B83A15E05F5}.Release|x64.ActiveCfg = Release|x64
		{3D621503-377D-40DE-AB64-0B83A15E05F5}.Release|x64.Build.0 = Release|x64
		{3D621503-377D-40DE-AB64-0B83A15E05F5}.Release|x86.ActiveCfg = Release|Win32
		{3D621503-377D-40DE-AB64-0B83A15E05F5}.Release|x86.Build.0 = Release|Win32
		{FA633A34-DDB4-469F-88E0-9ECE5683C386}.Debug|x64.ActiveCfg = Debug|x64
		{FA633A34-DDB4-469F-88E0-9ECE5683C386}.Debug|x64.Build.0 = Debug|x64
		{FA633A34-DDB4-469F-88E0-9ECE5683C386}.Debug|x86.ActiveCfg = Debug|Win32
		{FA633A34-DDB4-469F-88E0-9ECE5683C386}.Debug|x86.Build.0 = Debug|Win32
		{FA633A34-DDB4-469F-88E0-9ECE5683C386}.Release|x64.ActiveCfg = Release|x64
		{FA633A34-DDB4-469F-88E0-9ECE5683C386}.Release|x64.Build.0 = Release|x64
		{FA633A34-DDB4-469F-88E0-9ECE5683C386}.Release|x86.ActiveCfg = Release|Win32
		{FA633A34-DDB4-469F-88E0-9ECE5683C386}.Release|x86.Build.0 = Release|Win32
		{E3837F8B-B210-45DB-87C1-5F8C366560BF}.Debug|x64.ActiveCfg = Debug|x64
		{E3837F8B-B210-45DB-87C1-5F8C366560BF}.Debug|x64.Build.0 = Debug|x64
		{E3837F8B-B210-45DB-87C1-5F8C366560BF}.Debug|x86.ActiveCfg = Debug|Win32
		{E3837F8B-B210-45DB-87C1-5F8C366560BF}.Debug|x86.Build.0 = Debug|Win32
		{E3837F8B-B210-45DB-87C1-5F8C366560BF}.Release|x64.ActiveCfg = Release|x64
		{E3837F8B-B210-45DB-87C1-5F8C366560BF}.Release|x64.Build.0 = Release|x64
		{E3837F8B-B210-45DB-87C1-5F8C366560BF}.Release|x86.ActiveCfg = Release|Win32
		{E3837F8B-B210-45DB-87C1-5F8C366560BF}.Release|x86.Build.0 = Release|Win32
	EndGlobalSection
	GlobalSection(SolutionProperties) = preSolution
		HideSolutionNode = FALSE
	EndGlobalSection
	GlobalSection(ExtensibilityGlobals) = postSolution
		SolutionGuid = {1A934482-C991-45F0-A0ED-2A8F6328E37D}
	EndGlobalSection
EndGlobal
